
Microsoft Visual Studio Solution File, Format Version 12.00
# Visual Studio 15
VisualStudioVersion = 15.0.28010.2036
MinimumVisualStudioVersion = 10.0.40219.1
Project("{FAE04EC0-301F-11D3-BF4B-00C04F79EFBC}") = "WebApplication2", "WebApplication2\WebApplication2.csproj", "{4C223EFE-1C8F-4E4F-8C2D-8783A66710FE}"
EndProject
Global
	GlobalSection(SolutionConfigurationPlatforms) = preSolution
		Debug|Any CPU = Debug|Any CPU
		Release|Any CPU = Release|Any CPU
	EndGlobalSection
	GlobalSection(ProjectConfigurationPlatforms) = postSolution
		{4C223EFE-1C8F-4E4F-8C2D-8783A66710FE}.Debug|Any CPU.ActiveCfg = Debug|Any CPU
		{4C223EFE-1C8F-4E4F-8C2D-8783A66710FE}.Debug|Any CPU.Build.0 = Debug|Any CPU
		{4C223EFE-1C8F-4E4F-8C2D-8783A66710FE}.Release|Any CPU.ActiveCfg = Release|Any CPU
		{4C223EFE-1C8F-4E4F-8C2D-8783A66710FE}.Release|Any CPU.Build.0 = Release|Any CPU
	EndGlobalSection
	GlobalSection(SolutionProperties) = preSolution
		HideSolutionNode = FALSE
	EndGlobalSection
	GlobalSection(ExtensibilityGlobals) = postSolution
		SolutionGuid = {1A354351-C470-4DED-B48B-17BADD7E34E4}
	EndGlobalSection
EndGlobal
