
Microsoft Visual Studio Solution File, Format Version 12.00
# Visual Studio 15
VisualStudioVersion = 15.0.28010.2026
MinimumVisualStudioVersion = 10.0.40219.1
Project("{FAE04EC0-301F-11D3-BF4B-00C04F79EFBC}") = "Validation", "Validation\Validation.csproj", "{0CEED44B-A928-48FB-ADE0-DC90CD4F52B2}"
EndProject
Global
	GlobalSection(SolutionConfigurationPlatforms) = preSolution
		Debug|Any CPU = Debug|Any CPU
		Release|Any CPU = Release|Any CPU
	EndGlobalSection
	GlobalSection(ProjectConfigurationPlatforms) = postSolution
		{0CEED44B-A928-48FB-ADE0-DC90CD4F52B2}.Debug|Any CPU.ActiveCfg = Debug|Any CPU
		{0CEED44B-A928-48FB-ADE0-DC90CD4F52B2}.Debug|Any CPU.Build.0 = Debug|Any CPU
		{0CEED44B-A928-48FB-ADE0-DC90CD4F52B2}.Release|Any CPU.ActiveCfg = Release|Any CPU
		{0CEED44B-A928-48FB-ADE0-DC90CD4F52B2}.Release|Any CPU.Build.0 = Release|Any CPU
	EndGlobalSection
	GlobalSection(SolutionProperties) = preSolution
		HideSolutionNode = FALSE
	EndGlobalSection
	GlobalSection(ExtensibilityGlobals) = postSolution
		SolutionGuid = {CC178714-A696-47D3-A315-3C606F8C3AC6}
	EndGlobalSection
EndGlobal
